github.com/jdhxyy/crc16 v0.0.0-20210228220550-7713e2f73123 h1:A3y5GyayKrpj+4EwUnvb8VucRShsbX4PDXlcRzTRunQ=
github.com/jdhxyy/crc16 v0.0.0-20210228220550-7713e2f73123/go.mod h1:Bn2AQAKww6qAfp1Grz+AK2cnYKB/9a2WOcfkidTAWJQ=
github.com/jdhxyy/dcom v0.0.0-20210322205748-8092a891005e h1:0FGOYDZxaj4USh5DfblDWcLNZJflf+QVQxUcT+JMpFQ=
github.com/jdhxyy/dcom v0.0.0-20210322205748-8092a891005e/go.mod h1:kcKEd0tkw7pJb9js0AXYsNOnnhH81REB8rMeOQLvYbg=
github.com/jdhxyy/knock v0.0.0-20210312015805-da08fbd8e1e3 h1:re/5T51C1/ni9OTz8U2Vi0HaG1+PF0YcTyMkwPnUO2A=
github.com/jdhxyy/knock v0.0.0-20210312015805-da08fbd8e1e3/go.mod h1:jswTBkOcUEtJStgUFPGfEC7dvELpgweDtS01iYg3ySs=
github.com/jdhxyy/lagan v0.0.0-20210320045933-9bf9e69e4f0b h1:X0TkfhhMwxgpsrPDkQ42mwtc9ePZdA0uszZOsodJPrg=
github.com/jdhxyy/lagan v0.0.0-20210320045933-9bf9e69e4f0b/go.mod h1:thKkxhIW5/LKfiKOzNj/X+BU4LmlEZHRZPwT/EVFwqg=
github.com/jdhxyy/utz v0.0.0-20210322021828-fec564b238e3 h1:U6ae7f1HOaW0jRRjmkYbEArhWhYaG1rbLSOdu0ym0Lk=
github.com/jdhxyy/utz v0.0.0-20210322021828-fec564b238e3/go.mod h1:eKM112NP2qpGHq8Sh9RQIH42YobWXKja0AFhY/OKQCs=
